
Microsoft Visual Studio Solution File, Format Version 12.00
# Visual Studio Version 17
VisualStudioVersion = 17.14.36518.9 d17.14
MinimumVisualStudioVersion = 10.0.40219.1
Project("{FAE04EC0-301F-11D3-BF4B-00C04F79EFBC}") = "GD", "GD\GD.csproj", "{56A15693-6A93-44AA-A701-8ED5491D67AD}"
EndProject
Global
	GlobalSection(SolutionConfigurationPlatforms) = preSolution
		Debug|Any CPU = Debug|Any CPU
		Release|Any CPU = Release|Any CPU
	EndGlobalSection
	GlobalSection(ProjectConfigurationPlatforms) = postSolution
		{56A15693-6A93-44AA-A701-8ED5491D67AD}.Debug|Any CPU.ActiveCfg = Debug|Any CPU
		{56A15693-6A93-44AA-A701-8ED5491D67AD}.Debug|Any CPU.Build.0 = Debug|Any CPU
		{56A15693-6A93-44AA-A701-8ED5491D67AD}.Release|Any CPU.ActiveCfg = Release|Any CPU
		{56A15693-6A93-44AA-A701-8ED5491D67AD}.Release|Any CPU.Build.0 = Release|Any CPU
	EndGlobalSection
	GlobalSection(SolutionProperties) = preSolution
		HideSolutionNode = FALSE
	EndGlobalSection
	GlobalSection(ExtensibilityGlobals) = postSolution
		SolutionGuid = {C6B473CD-0D74-4D69-B847-870E0D758EA1}
	EndGlobalSection
EndGlobal
