Microsoft Visual Studio Solution File, Format Version 12.00
# Visual Studio Version 17
VisualStudioVersion = 17.5.2.0
MinimumVisualStudioVersion = 10.0.40219.1
Project("{FAE04EC0-301F-11D3-BF4B-00C04F79EFBC}") = "PetSpaAPI", "PetSpaAPI.csproj", "{CE74F490-0DF6-C455-4BAF-F7C74C026FBA}"
EndProject
Global
	GlobalSection(SolutionConfigurationPlatforms) = preSolution
		Debug|Any CPU = Debug|Any CPU
		Release|Any CPU = Release|Any CPU
	EndGlobalSection
	GlobalSection(ProjectConfigurationPlatforms) = postSolution
		{CE74F490-0DF6-C455-4BAF-F7C74C026FBA}.Debug|Any CPU.ActiveCfg = Debug|Any CPU
		{CE74F490-0DF6-C455-4BAF-F7C74C026FBA}.Debug|Any CPU.Build.0 = Debug|Any CPU
		{CE74F490-0DF6-C455-4BAF-F7C74C026FBA}.Release|Any CPU.ActiveCfg = Release|Any CPU
		{CE74F490-0DF6-C455-4BAF-F7C74C026FBA}.Release|Any CPU.Build.0 = Release|Any CPU
	EndGlobalSection
	GlobalSection(SolutionProperties) = preSolution
		HideSolutionNode = FALSE
	EndGlobalSection
	GlobalSection(ExtensibilityGlobals) = postSolution
		SolutionGuid = {F6686D6A-0535-44B4-B56F-1D1C085D3955}
	EndGlobalSection
EndGlobal
